
Microsoft Visual Studio Solution File, Format Version 12.00
# Visual Studio Version 17
VisualStudioVersion = 17.5.33209.295
MinimumVisualStudioVersion = 10.0.40219.1
Project("{2150E333-8FDC-42A3-9474-1A3956D46DE8}") = "src", "src", "{9B3D1B8C-CAD2-427C-B38F-8F45C12FB23A}"
EndProject
Project("{2150E333-8FDC-42A3-9474-1A3956D46DE8}") = "tests", "tests", "{BC89EEC6-8FEF-48B7-A3C9-56C554555946}"
EndProject
Project("{2150E333-8FDC-42A3-9474-1A3956D46DE8}") = "Common", "Common", "{29D10186-133D-404B-852F-35F030CDCF03}"
EndProject
Project("{2150E333-8FDC-42A3-9474-1A3956D46DE8}") = "Core", "Core", "{2AB675B2-AA83-43D4-97CC-48DCB9D7FAFA}"
EndProject
Project("{2150E333-8FDC-42A3-9474-1A3956D46DE8}") = "Infrastructure", "Infrastructure", "{4E42F37F-9E7D-4EB6-A070-6EA3CB9451C5}"
EndProject
Project("{2150E333-8FDC-42A3-9474-1A3956D46DE8}") = "Presentation", "Presentation", "{FDC29690-89C5-49A0-B44C-942DDEF6DE72}"
EndProject
Project("{2150E333-8FDC-42A3-9474-1A3956D46DE8}") = "Service", "Service", "{63A5FCB9-3A47-468D-BC41-643AEAF92596}"
EndProject
Project("{9A19103F-16F7-4668-BE54-9A1E7A4F7556}") = "VisualAcademy", "VisualAcademy\VisualAcademy.csproj", "{649E76B6-7F1D-4DF4-A58F-F78B370EF8F8}"
EndProject
Project("{FAE04EC0-301F-11D3-BF4B-00C04F79EFBC}") = "Common", "Common\Common.csproj", "{5553FC99-1F7A-4BDF-9C5D-D0DDA934E6DA}"
EndProject
Project("{FAE04EC0-301F-11D3-BF4B-00C04F79EFBC}") = "Domain", "Domain\Domain.csproj", "{1624860A-E384-4E90-B313-8744BC2B71C7}"
EndProject
Project("{FAE04EC0-301F-11D3-BF4B-00C04F79EFBC}") = "Application", "Application\Application.csproj", "{F2198590-ABEB-4F72-A99B-3AB780F8508B}"
EndProject
Project("{FAE04EC0-301F-11D3-BF4B-00C04F79EFBC}") = "Infrastructure", "Infrastructure\Infrastructure.csproj", "{81A9F727-0882-4EF0-B522-80BD369296B1}"
EndProject
Project("{FAE04EC0-301F-11D3-BF4B-00C04F79EFBC}") = "Persistence", "Persistence\Persistence.csproj", "{688D5DFA-3BF4-45A1-9455-7A1D86D68BCF}"
EndProject
Global
	GlobalSection(SolutionConfigurationPlatforms) = preSolution
		Debug|Any CPU = Debug|Any CPU
		Release|Any CPU = Release|Any CPU
	EndGlobalSection
	GlobalSection(ProjectConfigurationPlatforms) = postSolution
		{649E76B6-7F1D-4DF4-A58F-F78B370EF8F8}.Debug|Any CPU.ActiveCfg = Debug|Any CPU
		{649E76B6-7F1D-4DF4-A58F-F78B370EF8F8}.Debug|Any CPU.Build.0 = Debug|Any CPU
		{649E76B6-7F1D-4DF4-A58F-F78B370EF8F8}.Release|Any CPU.ActiveCfg = Release|Any CPU
		{649E76B6-7F1D-4DF4-A58F-F78B370EF8F8}.Release|Any CPU.Build.0 = Release|Any CPU
		{5553FC99-1F7A-4BDF-9C5D-D0DDA934E6DA}.Debug|Any CPU.ActiveCfg = Debug|Any CPU
		{5553FC99-1F7A-4BDF-9C5D-D0DDA934E6DA}.Debug|Any CPU.Build.0 = Debug|Any CPU
		{5553FC99-1F7A-4BDF-9C5D-D0DDA934E6DA}.Release|Any CPU.ActiveCfg = Release|Any CPU
		{5553FC99-1F7A-4BDF-9C5D-D0DDA934E6DA}.Release|Any CPU.Build.0 = Release|Any CPU
		{1624860A-E384-4E90-B313-8744BC2B71C7}.Debug|Any CPU.ActiveCfg = Debug|Any CPU
		{1624860A-E384-4E90-B313-8744BC2B71C7}.Debug|Any CPU.Build.0 = Debug|Any CPU
		{1624860A-E384-4E90-B313-8744BC2B71C7}.Release|Any CPU.ActiveCfg = Release|Any CPU
		{1624860A-E384-4E90-B313-8744BC2B71C7}.Release|Any CPU.Build.0 = Release|Any CPU
		{F2198590-ABEB-4F72-A99B-3AB780F8508B}.Debug|Any CPU.ActiveCfg = Debug|Any CPU
		{F2198590-ABEB-4F72-A99B-3AB780F8508B}.Debug|Any CPU.Build.0 = Debug|Any CPU
		{F2198590-ABEB-4F72-A99B-3AB780F8508B}.Release|Any CPU.ActiveCfg = Release|Any CPU
		{F2198590-ABEB-4F72-A99B-3AB780F8508B}.Release|Any CPU.Build.0 = Release|Any CPU
		{81A9F727-0882-4EF0-B522-80BD369296B1}.Debug|Any CPU.ActiveCfg = Debug|Any CPU
		{81A9F727-0882-4EF0-B522-80BD369296B1}.Debug|Any CPU.Build.0 = Debug|Any CPU
		{81A9F727-0882-4EF0-B522-80BD369296B1}.Release|Any CPU.ActiveCfg = Release|Any CPU
		{81A9F727-0882-4EF0-B522-80BD369296B1}.Release|Any CPU.Build.0 = Release|Any CPU
		{688D5DFA-3BF4-45A1-9455-7A1D86D68BCF}.Debug|Any CPU.ActiveCfg = Debug|Any CPU
		{688D5DFA-3BF4-45A1-9455-7A1D86D68BCF}.Debug|Any CPU.Build.0 = Debug|Any CPU
		{688D5DFA-3BF4-45A1-9455-7A1D86D68BCF}.Release|Any CPU.ActiveCfg = Release|Any CPU
		{688D5DFA-3BF4-45A1-9455-7A1D86D68BCF}.Release|Any CPU.Build.0 = Release|Any CPU
	EndGlobalSection
	GlobalSection(SolutionProperties) = preSolution
		HideSolutionNode = FALSE
	EndGlobalSection
	GlobalSection(NestedProjects) = preSolution
		{29D10186-133D-404B-852F-35F030CDCF03} = {9B3D1B8C-CAD2-427C-B38F-8F45C12FB23A}
		{2AB675B2-AA83-43D4-97CC-48DCB9D7FAFA} = {9B3D1B8C-CAD2-427C-B38F-8F45C12FB23A}
		{4E42F37F-9E7D-4EB6-A070-6EA3CB9451C5} = {9B3D1B8C-CAD2-427C-B38F-8F45C12FB23A}
		{FDC29690-89C5-49A0-B44C-942DDEF6DE72} = {9B3D1B8C-CAD2-427C-B38F-8F45C12FB23A}
		{63A5FCB9-3A47-468D-BC41-643AEAF92596} = {9B3D1B8C-CAD2-427C-B38F-8F45C12FB23A}
		{5553FC99-1F7A-4BDF-9C5D-D0DDA934E6DA} = {29D10186-133D-404B-852F-35F030CDCF03}
		{1624860A-E384-4E90-B313-8744BC2B71C7} = {2AB675B2-AA83-43D4-97CC-48DCB9D7FAFA}
		{F2198590-ABEB-4F72-A99B-3AB780F8508B} = {2AB675B2-AA83-43D4-97CC-48DCB9D7FAFA}
		{81A9F727-0882-4EF0-B522-80BD369296B1} = {4E42F37F-9E7D-4EB6-A070-6EA3CB9451C5}
		{688D5DFA-3BF4-45A1-9455-7A1D86D68BCF} = {4E42F37F-9E7D-4EB6-A070-6EA3CB9451C5}
	EndGlobalSection
	GlobalSection(ExtensibilityGlobals) = postSolution
		SolutionGuid = {19E05713-FE20-4934-88EE-7D9B66E104C8}
	EndGlobalSection
EndGlobal
